
Microsoft Visual Studio Solution File, Format Version 12.00
# Visual Studio Version 16
VisualStudioVersion = 16.0.29613.14
MinimumVisualStudioVersion = 10.0.40219.1
Project("{FAE04EC0-301F-11D3-BF4B-00C04F79EFBC}") = "Auth", "Auth.csproj", "{B1B8E551-73E6-46D5-9884-CB9C9A65AC69}"
EndProject
Project("{9A19103F-16F7-4668-BE54-9A1E7A4F7556}") = "AuthoAPI", "..\AuthoAPI\AuthoAPI.csproj", "{8A2B8B67-A354-4079-BE5F-68596E28333F}"
EndProject
Project("{9A19103F-16F7-4668-BE54-9A1E7A4F7556}") = "Model", "..\Model\Model.csproj", "{C5582F01-F521-425C-94B3-F66B9A7DC733}"
EndProject
Global
	GlobalSection(SolutionConfigurationPlatforms) = preSolution
		Debug|Any CPU = Debug|Any CPU
		Release|Any CPU = Release|Any CPU
	EndGlobalSection
	GlobalSection(ProjectConfigurationPlatforms) = postSolution
		{B1B8E551-73E6-46D5-9884-CB9C9A65AC69}.Debug|Any CPU.ActiveCfg = Debug|Any CPU
		{B1B8E551-73E6-46D5-9884-CB9C9A65AC69}.Debug|Any CPU.Build.0 = Debug|Any CPU
		{B1B8E551-73E6-46D5-9884-CB9C9A65AC69}.Release|Any CPU.ActiveCfg = Release|Any CPU
		{B1B8E551-73E6-46D5-9884-CB9C9A65AC69}.Release|Any CPU.Build.0 = Release|Any CPU
		{8A2B8B67-A354-4079-BE5F-68596E28333F}.Debug|Any CPU.ActiveCfg = Debug|Any CPU
		{8A2B8B67-A354-4079-BE5F-68596E28333F}.Debug|Any CPU.Build.0 = Debug|Any CPU
		{8A2B8B67-A354-4079-BE5F-68596E28333F}.Release|Any CPU.ActiveCfg = Release|Any CPU
		{8A2B8B67-A354-4079-BE5F-68596E28333F}.Release|Any CPU.Build.0 = Release|Any CPU
		{C5582F01-F521-425C-94B3-F66B9A7DC733}.Debug|Any CPU.ActiveCfg = Debug|Any CPU
		{C5582F01-F521-425C-94B3-F66B9A7DC733}.Debug|Any CPU.Build.0 = Debug|Any CPU
		{C5582F01-F521-425C-94B3-F66B9A7DC733}.Release|Any CPU.ActiveCfg = Release|Any CPU
		{C5582F01-F521-425C-94B3-F66B9A7DC733}.Release|Any CPU.Build.0 = Release|Any CPU
	EndGlobalSection
	GlobalSection(SolutionProperties) = preSolution
		HideSolutionNode = FALSE
	EndGlobalSection
	GlobalSection(ExtensibilityGlobals) = postSolution
		SolutionGuid = {0CDD26D6-8827-4F4B-AEA7-A17AD4D080B2}
	EndGlobalSection
EndGlobal
